
Microsoft Visual Studio Solution File, Format Version 12.00
# Visual Studio Version 17
VisualStudioVersion = 17.1.32104.313
MinimumVisualStudioVersion = 10.0.40219.1
Project("{9A19103F-16F7-4668-BE54-9A1E7A4F7556}") = "ScheduleAPI", "ScheduleAPI\ScheduleAPI.csproj", "{BBBFA9FC-762A-47BB-A7E2-EF3C30AE754C}"
EndProject
Project("{E53339B2-1760-4266-BCC7-CA923CBCF16C}") = "Docker-Compose", "Docker-Compose\Docker-Compose.dcproj", "{51581C33-35AF-46FC-AF15-7E4BA392EC8A}"
EndProject
Project("{FAE04EC0-301F-11D3-BF4B-00C04F79EFBC}") = "ScheduleAPI-Tests", "ScheduleAPI-Tests\ScheduleAPI-Tests.csproj", "{B768DCC4-55C0-4A9D-9C16-C5ED6DCE866C}"
EndProject
Global
	GlobalSection(SolutionConfigurationPlatforms) = preSolution
		Debug|Any CPU = Debug|Any CPU
		Release|Any CPU = Release|Any CPU
	EndGlobalSection
	GlobalSection(ProjectConfigurationPlatforms) = postSolution
		{BBBFA9FC-762A-47BB-A7E2-EF3C30AE754C}.Debug|Any CPU.ActiveCfg = Debug|Any CPU
		{BBBFA9FC-762A-47BB-A7E2-EF3C30AE754C}.Debug|Any CPU.Build.0 = Debug|Any CPU
		{BBBFA9FC-762A-47BB-A7E2-EF3C30AE754C}.Release|Any CPU.ActiveCfg = Release|Any CPU
		{BBBFA9FC-762A-47BB-A7E2-EF3C30AE754C}.Release|Any CPU.Build.0 = Release|Any CPU
		{51581C33-35AF-46FC-AF15-7E4BA392EC8A}.Debug|Any CPU.ActiveCfg = Debug|Any CPU
		{51581C33-35AF-46FC-AF15-7E4BA392EC8A}.Debug|Any CPU.Build.0 = Debug|Any CPU
		{51581C33-35AF-46FC-AF15-7E4BA392EC8A}.Release|Any CPU.ActiveCfg = Release|Any CPU
		{51581C33-35AF-46FC-AF15-7E4BA392EC8A}.Release|Any CPU.Build.0 = Release|Any CPU
		{B768DCC4-55C0-4A9D-9C16-C5ED6DCE866C}.Debug|Any CPU.ActiveCfg = Debug|Any CPU
		{B768DCC4-55C0-4A9D-9C16-C5ED6DCE866C}.Debug|Any CPU.Build.0 = Debug|Any CPU
		{B768DCC4-55C0-4A9D-9C16-C5ED6DCE866C}.Release|Any CPU.ActiveCfg = Release|Any CPU
		{B768DCC4-55C0-4A9D-9C16-C5ED6DCE866C}.Release|Any CPU.Build.0 = Release|Any CPU
	EndGlobalSection
	GlobalSection(SolutionProperties) = preSolution
		HideSolutionNode = FALSE
	EndGlobalSection
	GlobalSection(ExtensibilityGlobals) = postSolution
		SolutionGuid = {8F8CBE20-ADF3-460A-8239-F34D9CC1655F}
	EndGlobalSection
EndGlobal
